// !$*UTF8*$!
{
	archiveVersion = 1;
	classes = {
	};
	objectVersion = 46;
	objects = {

/* Begin PBXBuildFile section */
		24AB7FF11BF0954500EAEA36 /* AppDelegate.swift in Sources */ = {isa = PBXBuildFile; fileRef = 24AB7FF01BF0954500EAEA36 /* AppDelegate.swift */; };
		24AB7FF31BF0954500EAEA36 /* ChannelsViewController.swift in Sources */ = {isa = PBXBuildFile; fileRef = 24AB7FF21BF0954500EAEA36 /* ChannelsViewController.swift */; };
		24AB7FF61BF0954500EAEA36 /* Main.storyboard in Resources */ = {isa = PBXBuildFile; fileRef = 24AB7FF41BF0954500EAEA36 /* Main.storyboard */; };
		24AB7FF81BF0954500EAEA36 /* Assets.xcassets in Resources */ = {isa = PBXBuildFile; fileRef = 24AB7FF71BF0954500EAEA36 /* Assets.xcassets */; };
		24AB80001BF0A1E300EAEA36 /* Channel.swift in Sources */ = {isa = PBXBuildFile; fileRef = 24AB7FFF1BF0A1E300EAEA36 /* Channel.swift */; };
		24E0A8481BF0A44200AF69E2 /* ChannelCollectionViewCell.swift in Sources */ = {isa = PBXBuildFile; fileRef = 24E0A8471BF0A44200AF69E2 /* ChannelCollectionViewCell.swift */; };
		24E0A84C1BF1251700AF69E2 /* Channels.xcassets in Resources */ = {isa = PBXBuildFile; fileRef = 24E0A84B1BF1251700AF69E2 /* Channels.xcassets */; };
/* End PBXBuildFile section */

/* Begin PBXFileReference section */
		24AB7FED1BF0954500EAEA36 /* Channels.app */ = {isa = PBXFileReference; explicitFileType = wrapper.application; includeInIndex = 0; path = Channels.app; sourceTree = BUILT_PRODUCTS_DIR; };
		24AB7FF01BF0954500EAEA36 /* AppDelegate.swift */ = {isa = PBXFileReference; lastKnownFileType = sourcecode.swift; path = AppDelegate.swift; sourceTree = "<group>"; };
		24AB7FF21BF0954500EAEA36 /* ChannelsViewController.swift */ = {isa = PBXFileReference; lastKnownFileType = sourcecode.swift; path = ChannelsViewController.swift; sourceTree = "<group>"; };
		24AB7FF51BF0954500EAEA36 /* Base */ = {isa = PBXFileReference; lastKnownFileType = file.storyboard; name = Base; path = Base.lproj/Main.storyboard; sourceTree = "<group>"; };
		24AB7FF71BF0954500EAEA36 /* Assets.xcassets */ = {isa = PBXFileReference; lastKnownFileType = folder.assetcatalog; path = Assets.xcassets; sourceTree = "<group>"; };
		24AB7FF91BF0954500EAEA36 /* Info.plist */ = {isa = PBXFileReference; lastKnownFileType = text.plist.xml; path = Info.plist; sourceTree = "<group>"; };
		24AB7FFF1BF0A1E300EAEA36 /* Channel.swift */ = {isa = PBXFileReference; fileEncoding = 4; lastKnownFileType = sourcecode.swift; path = Channel.swift; sourceTree = "<group>"; };
		24E0A8471BF0A44200AF69E2 /* ChannelCollectionViewCell.swift */ = {isa = PBXFileReference; fileEncoding = 4; lastKnownFileType = sourcecode.swift; path = ChannelCollectionViewCell.swift; sourceTree = "<group>"; };
		24E0A84B1BF1251700AF69E2 /* Channels.xcassets */ = {isa = PBXFileReference; lastKnownFileType = folder.assetcatalog; path = Channels.xcassets; sourceTree = "<group>"; };
/* End PBXFileReference section */

/* Begin PBXFrameworksBuildPhase section */
		24AB7FEA1BF0954500EAEA36 /* Frameworks */ = {
			isa = PBXFrameworksBuildPhase;
			buildActionMask = 2147483647;
			files = (
			);
			runOnlyForDeploymentPostprocessing = 0;
		};
/* End PBXFrameworksBuildPhase section */

/* Begin PBXGroup section */
		24AB7FE41BF0954500EAEA36 = {
			isa = PBXGroup;
			children = (
				24AB7FEF1BF0954500EAEA36 /* Channels */,
				24AB7FEE1BF0954500EAEA36 /* Products */,
			);
			sourceTree = "<group>";
		};
		24AB7FEE1BF0954500EAEA36 /* Products */ = {
			isa = PBXGroup;
			children = (
				24AB7FED1BF0954500EAEA36 /* Channels.app */,
			);
			name = Products;
			sourceTree = "<group>";
		};
		24AB7FEF1BF0954500EAEA36 /* Channels */ = {
			isa = PBXGroup;
			children = (
				24AB7FF01BF0954500EAEA36 /* AppDelegate.swift */,
				24AB7FF21BF0954500EAEA36 /* ChannelsViewController.swift */,
				24E0A8471BF0A44200AF69E2 /* ChannelCollectionViewCell.swift */,
				24AB7FFF1BF0A1E300EAEA36 /* Channel.swift */,
				24AB7FF41BF0954500EAEA36 /* Main.storyboard */,
				24AB7FF71BF0954500EAEA36 /* Assets.xcassets */,
				24E0A84B1BF1251700AF69E2 /* Channels.xcassets */,
				24AB7FF91BF0954500EAEA36 /* Info.plist */,
			);
			path = Channels;
			sourceTree = "<group>";
		};
/* End PBXGroup section */

/* Begin PBXNativeTarget section */
		24AB7FEC1BF0954500EAEA36 /* Channels */ = {
			isa = PBXNativeTarget;
			buildConfigurationList = 24AB7FFC1BF0954500EAEA36 /* Build configuration list for PBXNativeTarget "Channels" */;
			buildPhases = (
				24AB7FE91BF0954500EAEA36 /* Sources */,
				24AB7FEA1BF0954500EAEA36 /* Frameworks */,
				24AB7FEB1BF0954500EAEA36 /* Resources */,
			);
			buildRules = (
			);
			dependencies = (
			);
			name = Channels;
			productName = Channels;
			productReference = 24AB7FED1BF0954500EAEA36 /* Channels.app */;
			productType = "com.apple.product-type.application";
		};
/* End PBXNativeTarget section */

/* Begin PBXProject section */
		24AB7FE51BF0954500EAEA36 /* Project object */ = {
			isa = PBXProject;
			attributes = {
				LastSwiftUpdateCheck = 0710;
				LastUpgradeCheck = 0710;
				ORGANIZATIONNAME = "Daniel Tull";
				TargetAttributes = {
					24AB7FEC1BF0954500EAEA36 = {
						CreatedOnToolsVersion = 7.1;
					};
				};
			};
			buildConfigurationList = 24AB7FE81BF0954500EAEA36 /* Build configuration list for PBXProject "Channels" */;
			compatibilityVersion = "Xcode 3.2";
			developmentRegion = English;
			hasScannedForEncodings = 0;
			knownRegions = (
				en,
				Base,
			);
			mainGroup = 24AB7FE41BF0954500EAEA36;
			productRefGroup = 24AB7FEE1BF0954500EAEA36 /* Products */;
			projectDirPath = "";
			projectRoot = "";
			targets = (
				24AB7FEC1BF0954500EAEA36 /* Channels */,
			);
		};
/* End PBXProject section */

/* Begin PBXResourcesBuildPhase section */
		24AB7FEB1BF0954500EAEA36 /* Resources */ = {
			isa = PBXResourcesBuildPhase;
			buildActionMask = 2147483647;
			files = (
				24AB7FF81BF0954500EAEA36 /* Assets.xcassets in Resources */,
				24E0A84C1BF1251700AF69E2 /* Channels.xcassets in Resources */,
				24AB7FF61BF0954500EAEA36 /* Main.storyboard in Resources */,
			);
			runOnlyForDeploymentPostprocessing = 0;
		};
/* End PBXResourcesBuildPhase section */

/* Begin PBXSourcesBuildPhase section */
		24AB7FE91BF0954500EAEA36 /* Sources */ = {
			isa = PBXSourcesBuildPhase;
			buildActionMask = 2147483647;
			files = (
				24AB7FF31BF0954500EAEA36 /* ChannelsViewController.swift in Sources */,
				24AB80001BF0A1E300EAEA36 /* Channel.swift in Sources */,
				24E0A8481BF0A44200AF69E2 /* ChannelCollectionViewCell.swift in Sources */,
				24AB7FF11BF0954500EAEA36 /* AppDelegate.swift in Sources */,
			);
			runOnlyForDeploymentPostprocessing = 0;
		};
/* End PBXSourcesBuildPhase section */

/* Begin PBXVariantGroup section */
		24AB7FF41BF0954500EAEA36 /* Main.storyboard */ = {
			isa = PBXVariantGroup;
			children = (
				24AB7FF51BF0954500EAEA36 /* Base */,
			);
			name = Main.storyboard;
			sourceTree = "<group>";
		};
/* End PBXVariantGroup section */

/* Begin XCBuildConfiguration section */
		24AB7FFA1BF0954500EAEA36 /* Debug */ = {
			isa = XCBuildConfiguration;
			buildSettings = {
				ALWAYS_SEARCH_USER_PATHS = NO;
				CLANG_CXX_LANGUAGE_STANDARD = "gnu++0x";
				CLANG_CXX_LIBRARY = "libc++";
				CLANG_ENABLE_MODULES = YES;
				CLANG_ENABLE_OBJC_ARC = YES;
				CLANG_WARN_BOOL_CONVERSION = YES;
				CLANG_WARN_CONSTANT_CONVERSION = YES;
				CLANG_WARN_DIRECT_OBJC_ISA_USAGE = YES_ERROR;
				CLANG_WARN_EMPTY_BODY = YES;
				CLANG_WARN_ENUM_CONVERSION = YES;
				CLANG_WARN_INT_CONVERSION = YES;
				CLANG_WARN_OBJC_ROOT_CLASS = YES_ERROR;
				CLANG_WARN_UNREACHABLE_CODE = YES;
				CLANG_WARN__DUPLICATE_METHOD_MATCH = YES;
				COPY_PHASE_STRIP = NO;
				DEBUG_INFORMATION_FORMAT = dwarf;
				ENABLE_STRICT_OBJC_MSGSEND = YES;
				ENABLE_TESTABILITY = YES;
				GCC_C_LANGUAGE_STANDARD = gnu99;
				GCC_DYNAMIC_NO_PIC = NO;
				GCC_NO_COMMON_BLOCKS = YES;
				GCC_OPTIMIZATION_LEVEL = 0;
				GCC_PREPROCESSOR_DEFINITIONS = (
					"DEBUG=1",
					"$(inherited)",
				);
				GCC_WARN_64_TO_32_BIT_CONVERSION = YES;
				GCC_WARN_ABOUT_RETURN_TYPE = YES_ERROR;
				GCC_WARN_UNDECLARED_SELECTOR = YES;
				GCC_WARN_UNINITIALIZED_AUTOS = YES_AGGRESSIVE;
				GCC_WARN_UNUSED_FUNCTION = YES;
				GCC_WARN_UNUSED_VARIABLE = YES;
				MTL_ENABLE_DEBUG_INFO = YES;
				ONLY_ACTIVE_ARCH = YES;
				SDKROOT = appletvos;
				SWIFT_OPTIMIZATION_LEVEL = "-Onone";
				TARGETED_DEVICE_FAMILY = 3;
				TVOS_DEPLOYMENT_TARGET = 9.0;
			};
			name = Debug;
		};
		24AB7FFB1BF0954500EAEA36 /* Release */ = {
			isa = XCBuildConfiguration;
			buildSettings = {
				ALWAYS_SEARCH_USER_PATHS = NO;
				CLANG_CXX_LANGUAGE_STANDARD = "gnu++0x";
				CLANG_CXX_LIBRARY = "libc++";
				CLANG_ENABLE_MODULES = YES;
				CLANG_ENABLE_OBJC_ARC = YES;
				CLANG_WARN_BOOL_CONVERSION = YES;
				CLANG_WARN_CONSTANT_CONVERSION = YES;
				CLANG_WARN_DIRECT_OBJC_ISA_USAGE = YES_ERROR;
				CLANG_WARN_EMPTY_BODY = YES;
				CLANG_WARN_ENUM_CONVERSION = YES;
				CLANG_WARN_INT_CONVERSION = YES;
				CLANG_WARN_OBJC_ROOT_CLASS = YES_ERROR;
				CLANG_WARN_UNREACHABLE_CODE = YES;
				CLANG_WARN__DUPLICATE_METHOD_MATCH = YES;
				COPY_PHASE_STRIP = NO;
				DEBUG_INFORMATION_FORMAT = "dwarf-with-dsym";
				ENABLE_NS_ASSERTIONS = NO;
				ENABLE_STRICT_OBJC_MSGSEND = YES;
				GCC_C_LANGUAGE_STANDARD = gnu99;
				GCC_NO_COMMON_BLOCKS = YES;
				GCC_WARN_64_TO_32_BIT_CONVERSION = YES;
				GCC_WARN_ABOUT_RETURN_TYPE = YES_ERROR;
				GCC_WARN_UNDECLARED_SELECTOR = YES;
				GCC_WARN_UNINITIALIZED_AUTOS = YES_AGGRESSIVE;
				GCC_WARN_UNUSED_FUNCTION = YES;
				GCC_WARN_UNUSED_VARIABLE = YES;
				MTL_ENABLE_DEBUG_INFO = NO;
				SDKROOT = appletvos;
				TARGETED_DEVICE_FAMILY = 3;
				TVOS_DEPLOYMENT_TARGET = 9.0;
				VALIDATE_PRODUCT = YES;
			};
			name = Release;
		};
		24AB7FFD1BF0954500EAEA36 /* Debug */ = {
			isa = XCBuildConfiguration;
			buildSettings = {
				ASSETCATALOG_COMPILER_APPICON_NAME = "App Icon & Top Shelf Image";
				ASSETCATALOG_COMPILER_LAUNCHIMAGE_NAME = LaunchImage;
				INFOPLIST_FILE = Channels/Info.plist;
				LD_RUNPATH_SEARCH_PATHS = "$(inherited) @executable_path/Frameworks";
				PRODUCT_BUNDLE_IDENTIFIER = uk.co.danieltull.Channels;
				PRODUCT_NAME = "$(TARGET_NAME)";
			};
			name = Debug;
		};
		24AB7FFE1BF0954500EAEA36 /* Release */ = {
			isa = XCBuildConfiguration;
			buildSettings = {
				ASSETCATALOG_COMPILER_APPICON_NAME = "App Icon & Top Shelf Image";
				ASSETCATALOG_COMPILER_LAUNCHIMAGE_NAME = LaunchImage;
				INFOPLIST_FILE = Channels/Info.plist;
				LD_RUNPATH_SEARCH_PATHS = "$(inherited) @executable_path/Frameworks";
				PRODUCT_BUNDLE_IDENTIFIER = uk.co.danieltull.Channels;
				PRODUCT_NAME = "$(TARGET_NAME)";
			};
			name = Release;
		};
/* End XCBuildConfiguration section */

/* Begin XCConfigurationList section */
		24AB7FE81BF0954500EAEA36 /* Build configuration list for PBXProject "Channels" */ = {
			isa = XCConfigurationList;
			buildConfigurations = (
				24AB7FFA1BF0954500EAEA36 /* Debug */,
				24AB7FFB1BF0954500EAEA36 /* Release */,
			);
			defaultConfigurationIsVisible = 0;
			defaultConfigurationName = Release;
		};
		24AB7FFC1BF0954500EAEA36 /* Build configuration list for PBXNativeTarget "Channels" */ = {
			isa = XCConfigurationList;
			buildConfigurations = (
				24AB7FFD1BF0954500EAEA36 /* Debug */,
				24AB7FFE1BF0954500EAEA36 /* Release */,
			);
			defaultConfigurationIsVisible = 0;
			defaultConfigurationName = Release;
		};
/* End XCConfigurationList section */
	};
	rootObject = 24AB7FE51BF0954500EAEA36 /* Project object */;
}
